
Microsoft Visual Studio Solution File, Format Version 11.00
# Visual Studio 2010
Project("{FAE04EC0-301F-11D3-BF4B-00C04F79EFBC}") = "MvcExpense", "MvcExpense\MvcExpense.csproj", "{D9A00454-EFFC-4B0D-8FEB-6424D3A0BF8B}"
EndProject
Project("{FAE04EC0-301F-11D3-BF4B-00C04F79EFBC}") = "MvcExpense.Tests", "MvcExpense.Tests\MvcExpense.Tests.csproj", "{1978E4DC-017E-4E19-9C22-0A677BCA9271}"
EndProject
Global
	GlobalSection(SolutionConfigurationPlatforms) = preSolution
		Debug|Any CPU = Debug|Any CPU
		Release|Any CPU = Release|Any CPU
	EndGlobalSection
	GlobalSection(ProjectConfigurationPlatforms) = postSolution
		{D9A00454-EFFC-4B0D-8FEB-6424D3A0BF8B}.Debug|Any CPU.ActiveCfg = Debug|Any CPU
		{D9A00454-EFFC-4B0D-8FEB-6424D3A0BF8B}.Debug|Any CPU.Build.0 = Debug|Any CPU
		{D9A00454-EFFC-4B0D-8FEB-6424D3A0BF8B}.Release|Any CPU.ActiveCfg = Release|Any CPU
		{D9A00454-EFFC-4B0D-8FEB-6424D3A0BF8B}.Release|Any CPU.Build.0 = Release|Any CPU
		{1978E4DC-017E-4E19-9C22-0A677BCA9271}.Debug|Any CPU.ActiveCfg = Debug|Any CPU
		{1978E4DC-017E-4E19-9C22-0A677BCA9271}.Debug|Any CPU.Build.0 = Debug|Any CPU
		{1978E4DC-017E-4E19-9C22-0A677BCA9271}.Release|Any CPU.ActiveCfg = Release|Any CPU
		{1978E4DC-017E-4E19-9C22-0A677BCA9271}.Release|Any CPU.Build.0 = Release|Any CPU
	EndGlobalSection
	GlobalSection(SolutionProperties) = preSolution
		HideSolutionNode = FALSE
	EndGlobalSection
EndGlobal
