
Microsoft Visual Studio Solution File, Format Version 11.00
# Visual Studio 2010
Project("{FAE04EC0-301F-11D3-BF4B-00C04F79EFBC}") = "UI", "MvcExpense.UI\UI.csproj", "{D9A00454-EFFC-4B0D-8FEB-6424D3A0BF8B}"
EndProject
Project("{FAE04EC0-301F-11D3-BF4B-00C04F79EFBC}") = "UnitTests", "MvcExpense.Tests\UnitTests.csproj", "{1978E4DC-017E-4E19-9C22-0A677BCA9271}"
EndProject
Project("{2150E333-8FDC-42A3-9474-1A3956D46DE8}") = "Libraries", "Libraries", "{29362666-F2C4-4C1A-A5E2-6272BE8756A7}"
EndProject
Project("{FAE04EC0-301F-11D3-BF4B-00C04F79EFBC}") = "Zac.DateRange", "Libraries\Zac.DateRange\Zac.DateRange.csproj", "{CA7B0383-8448-4062-BEDC-9EDEFA148762}"
EndProject
Project("{FAE04EC0-301F-11D3-BF4B-00C04F79EFBC}") = "Zac.MvcGroupSelectHelper", "Libraries\Zac.MvcGroupSelectHelper\Zac.MvcGroupSelectHelper.csproj", "{FE62D070-5DDC-4D07-8029-A4CEBA057674}"
EndProject
Project("{FAE04EC0-301F-11D3-BF4B-00C04F79EFBC}") = "Zac.DateRange.Tests", "Libraries\Zac.DateRange.Tests\Zac.DateRange.Tests.csproj", "{7A61A51B-CE0B-4515-A849-21D1862905AB}"
EndProject
Project("{2150E333-8FDC-42A3-9474-1A3956D46DE8}") = "Solution Items", "Solution Items", "{BF452B1A-B8E0-4361-8A33-31730E04A63F}"
	ProjectSection(SolutionItems) = preProject
		Local.testsettings = Local.testsettings
		MvcExpense.vsmdi = MvcExpense.vsmdi
		TraceAndTestImpact.testsettings = TraceAndTestImpact.testsettings
	EndProjectSection
EndProject
Project("{2150E333-8FDC-42A3-9474-1A3956D46DE8}") = "Libraries.Tests", "Libraries.Tests", "{2CACC6A6-AD56-4979-BBC5-E5F0DF250EE6}"
EndProject
Project("{FAE04EC0-301F-11D3-BF4B-00C04F79EFBC}") = "Zac.DesignPattern", "Framework\Zac.DesignPattern\Zac.DesignPattern.csproj", "{9FF48F5B-588E-4E66-941B-78F1A57AAC39}"
EndProject
Project("{FAE04EC0-301F-11D3-BF4B-00C04F79EFBC}") = "Zac.EnhancedMath", "Libraries\Zac.EnhancedMath\Zac.EnhancedMath.csproj", "{BEFF9125-6995-4326-BAF1-DA225FD41DE8}"
EndProject
Project("{FAE04EC0-301F-11D3-BF4B-00C04F79EFBC}") = "Zac.MvcAssetsHelper", "Libraries\Zac.MvcAssetsHelper\Zac.MvcAssetsHelper.csproj", "{CBF838CB-92E4-432E-B1B8-6A969011FD82}"
EndProject
Project("{FAE04EC0-301F-11D3-BF4B-00C04F79EFBC}") = "Zac.MvcAutoMapAttribute", "Libraries\Zac.MvcAutoMapAttribute\Zac.MvcAutoMapAttribute.csproj", "{23F51B9E-46DE-4E3C-B3FC-E36D87A53A10}"
EndProject
Project("{FAE04EC0-301F-11D3-BF4B-00C04F79EFBC}") = "Zac.MvcBaseActionFilter", "Libraries\Zac.MvcBaseActionFilter\Zac.MvcBaseActionFilter.csproj", "{A8FB4C9B-C085-4F45-8AA6-5DF3F8FC54FE}"
EndProject
Project("{FAE04EC0-301F-11D3-BF4B-00C04F79EFBC}") = "Zac.MvcFlashMessage", "Libraries\Zac.MvcFlashMessage\Zac.MvcFlashMessage.csproj", "{E62DB75F-F7A2-4D0D-A824-737096180578}"
EndProject
Project("{FAE04EC0-301F-11D3-BF4B-00C04F79EFBC}") = "Zac.MvcMultiButtonAttribute", "Libraries\Zac.MvcMultiButtonAttribute\Zac.MvcMultiButtonAttribute.csproj", "{66A0999F-8497-4722-9EC2-3822472AF0BE}"
EndProject
Project("{FAE04EC0-301F-11D3-BF4B-00C04F79EFBC}") = "Zac.MvcWhitespaceFilterAttribute", "Libraries\Zac.MvcWhitespaceFilterAttribute\Zac.MvcWhitespaceFilterAttribute.csproj", "{2AFC04D7-184B-49DA-B82F-693493854239}"
EndProject
Project("{FAE04EC0-301F-11D3-BF4B-00C04F79EFBC}") = "Core", "MvcExpense.Core\Core.csproj", "{C1F7E92B-CADA-438F-9116-F1813B7A4A37}"
EndProject
Project("{FAE04EC0-301F-11D3-BF4B-00C04F79EFBC}") = "Zac.StandardCore", "Framework\Zac.StandardCore\Zac.StandardCore.csproj", "{32F8C69A-8013-4E14-8991-F96188B07A26}"
EndProject
Project("{2150E333-8FDC-42A3-9474-1A3956D46DE8}") = "Tests", "Tests", "{647F1A8B-4E76-4C3C-B44B-444C1AE9419E}"
EndProject
Project("{FAE04EC0-301F-11D3-BF4B-00C04F79EFBC}") = "Infrastructure.EntityFramework", "MvcExpense.Infrastructure.EntityFramework\Infrastructure.EntityFramework.csproj", "{4A652B3D-8206-49D0-ADD7-8D5D1E110BF5}"
EndProject
Project("{FAE04EC0-301F-11D3-BF4B-00C04F79EFBC}") = "Zac.StandardInfrastructure.EntityFramework", "Framework\Zac.StandardInfrastructure.EntityFramework\Zac.StandardInfrastructure.EntityFramework.csproj", "{DE3EFEBB-29B9-48D4-A7B6-FB770EF51FD9}"
EndProject
Project("{FAE04EC0-301F-11D3-BF4B-00C04F79EFBC}") = "Zac.DesignPattern.EntityFramework", "Framework\Zac.DesignPattern.EntityFramework\Zac.DesignPattern.EntityFramework.csproj", "{6CD0307C-C7C1-4BD0-8725-CC9003D57920}"
EndProject
Project("{FAE04EC0-301F-11D3-BF4B-00C04F79EFBC}") = "Zac.EnhancedMath.Tests", "Libraries\Zac.EnhancedMath.Tests\Zac.EnhancedMath.Tests.csproj", "{3AF9181C-39DA-41A7-AEC1-D1F009FE544C}"
EndProject
Project("{FAE04EC0-301F-11D3-BF4B-00C04F79EFBC}") = "Zac.RepositorySiteMapProvider", "Libraries\Zac.RepositorySiteMapProvider\Zac.RepositorySiteMapProvider.csproj", "{D5B188E8-3D47-45C2-8093-307A8B21E0FA}"
EndProject
Project("{FAE04EC0-301F-11D3-BF4B-00C04F79EFBC}") = "Zac.Tree", "Framework\Zac.Tree\Zac.Tree.csproj", "{0F981A02-CD06-4686-911B-1A0EF12BDD82}"
EndProject
Project("{2150E333-8FDC-42A3-9474-1A3956D46DE8}") = "Framework", "Framework", "{21F978F7-2DEE-4DC1-AD05-071CC1621DB7}"
EndProject
Project("{FAE04EC0-301F-11D3-BF4B-00C04F79EFBC}") = "Zac.StandardHelper", "Framework\Zac.StandardHelper\Zac.StandardHelper.csproj", "{685C0B37-9432-4D77-B8A5-7EF0F894410C}"
EndProject
Project("{FAE04EC0-301F-11D3-BF4B-00C04F79EFBC}") = "Zac.StandardMvc", "Framework\Zac.StandardMvc\Zac.StandardMvc.csproj", "{F6913116-0D5F-4F63-A1D4-D9F8DF4C7995}"
EndProject
Global
	GlobalSection(TestCaseManagementSettings) = postSolution
		CategoryFile = MvcExpense.vsmdi
	EndGlobalSection
	GlobalSection(SolutionConfigurationPlatforms) = preSolution
		Debug|Any CPU = Debug|Any CPU
		MyDebug|Any CPU = MyDebug|Any CPU
		Release|Any CPU = Release|Any CPU
	EndGlobalSection
	GlobalSection(ProjectConfigurationPlatforms) = postSolution
		{D9A00454-EFFC-4B0D-8FEB-6424D3A0BF8B}.Debug|Any CPU.ActiveCfg = Debug|Any CPU
		{D9A00454-EFFC-4B0D-8FEB-6424D3A0BF8B}.Debug|Any CPU.Build.0 = Debug|Any CPU
		{D9A00454-EFFC-4B0D-8FEB-6424D3A0BF8B}.MyDebug|Any CPU.ActiveCfg = MyDebug|Any CPU
		{D9A00454-EFFC-4B0D-8FEB-6424D3A0BF8B}.MyDebug|Any CPU.Build.0 = MyDebug|Any CPU
		{D9A00454-EFFC-4B0D-8FEB-6424D3A0BF8B}.Release|Any CPU.ActiveCfg = Release|Any CPU
		{D9A00454-EFFC-4B0D-8FEB-6424D3A0BF8B}.Release|Any CPU.Build.0 = Release|Any CPU
		{1978E4DC-017E-4E19-9C22-0A677BCA9271}.Debug|Any CPU.ActiveCfg = Debug|Any CPU
		{1978E4DC-017E-4E19-9C22-0A677BCA9271}.Debug|Any CPU.Build.0 = Debug|Any CPU
		{1978E4DC-017E-4E19-9C22-0A677BCA9271}.MyDebug|Any CPU.ActiveCfg = MyDebug|Any CPU
		{1978E4DC-017E-4E19-9C22-0A677BCA9271}.Release|Any CPU.ActiveCfg = Release|Any CPU
		{1978E4DC-017E-4E19-9C22-0A677BCA9271}.Release|Any CPU.Build.0 = Release|Any CPU
		{CA7B0383-8448-4062-BEDC-9EDEFA148762}.Debug|Any CPU.ActiveCfg = Debug|Any CPU
		{CA7B0383-8448-4062-BEDC-9EDEFA148762}.Debug|Any CPU.Build.0 = Debug|Any CPU
		{CA7B0383-8448-4062-BEDC-9EDEFA148762}.MyDebug|Any CPU.ActiveCfg = MyDebug|Any CPU
		{CA7B0383-8448-4062-BEDC-9EDEFA148762}.Release|Any CPU.ActiveCfg = Release|Any CPU
		{CA7B0383-8448-4062-BEDC-9EDEFA148762}.Release|Any CPU.Build.0 = Release|Any CPU
		{FE62D070-5DDC-4D07-8029-A4CEBA057674}.Debug|Any CPU.ActiveCfg = Debug|Any CPU
		{FE62D070-5DDC-4D07-8029-A4CEBA057674}.Debug|Any CPU.Build.0 = Debug|Any CPU
		{FE62D070-5DDC-4D07-8029-A4CEBA057674}.MyDebug|Any CPU.ActiveCfg = MyDebug|Any CPU
		{FE62D070-5DDC-4D07-8029-A4CEBA057674}.Release|Any CPU.ActiveCfg = Release|Any CPU
		{FE62D070-5DDC-4D07-8029-A4CEBA057674}.Release|Any CPU.Build.0 = Release|Any CPU
		{7A61A51B-CE0B-4515-A849-21D1862905AB}.Debug|Any CPU.ActiveCfg = Debug|Any CPU
		{7A61A51B-CE0B-4515-A849-21D1862905AB}.Debug|Any CPU.Build.0 = Debug|Any CPU
		{7A61A51B-CE0B-4515-A849-21D1862905AB}.MyDebug|Any CPU.ActiveCfg = MyDebug|Any CPU
		{7A61A51B-CE0B-4515-A849-21D1862905AB}.Release|Any CPU.ActiveCfg = Release|Any CPU
		{7A61A51B-CE0B-4515-A849-21D1862905AB}.Release|Any CPU.Build.0 = Release|Any CPU
		{9FF48F5B-588E-4E66-941B-78F1A57AAC39}.Debug|Any CPU.ActiveCfg = Debug|Any CPU
		{9FF48F5B-588E-4E66-941B-78F1A57AAC39}.Debug|Any CPU.Build.0 = Debug|Any CPU
		{9FF48F5B-588E-4E66-941B-78F1A57AAC39}.MyDebug|Any CPU.ActiveCfg = MyDebug|Any CPU
		{9FF48F5B-588E-4E66-941B-78F1A57AAC39}.MyDebug|Any CPU.Build.0 = MyDebug|Any CPU
		{9FF48F5B-588E-4E66-941B-78F1A57AAC39}.Release|Any CPU.ActiveCfg = Release|Any CPU
		{9FF48F5B-588E-4E66-941B-78F1A57AAC39}.Release|Any CPU.Build.0 = Release|Any CPU
		{BEFF9125-6995-4326-BAF1-DA225FD41DE8}.Debug|Any CPU.ActiveCfg = Debug|Any CPU
		{BEFF9125-6995-4326-BAF1-DA225FD41DE8}.Debug|Any CPU.Build.0 = Debug|Any CPU
		{BEFF9125-6995-4326-BAF1-DA225FD41DE8}.MyDebug|Any CPU.ActiveCfg = MyDebug|Any CPU
		{BEFF9125-6995-4326-BAF1-DA225FD41DE8}.Release|Any CPU.ActiveCfg = Release|Any CPU
		{BEFF9125-6995-4326-BAF1-DA225FD41DE8}.Release|Any CPU.Build.0 = Release|Any CPU
		{CBF838CB-92E4-432E-B1B8-6A969011FD82}.Debug|Any CPU.ActiveCfg = Debug|Any CPU
		{CBF838CB-92E4-432E-B1B8-6A969011FD82}.Debug|Any CPU.Build.0 = Debug|Any CPU
		{CBF838CB-92E4-432E-B1B8-6A969011FD82}.MyDebug|Any CPU.ActiveCfg = MyDebug|Any CPU
		{CBF838CB-92E4-432E-B1B8-6A969011FD82}.Release|Any CPU.ActiveCfg = Release|Any CPU
		{CBF838CB-92E4-432E-B1B8-6A969011FD82}.Release|Any CPU.Build.0 = Release|Any CPU
		{23F51B9E-46DE-4E3C-B3FC-E36D87A53A10}.Debug|Any CPU.ActiveCfg = Debug|Any CPU
		{23F51B9E-46DE-4E3C-B3FC-E36D87A53A10}.Debug|Any CPU.Build.0 = Debug|Any CPU
		{23F51B9E-46DE-4E3C-B3FC-E36D87A53A10}.MyDebug|Any CPU.ActiveCfg = MyDebug|Any CPU
		{23F51B9E-46DE-4E3C-B3FC-E36D87A53A10}.Release|Any CPU.ActiveCfg = Release|Any CPU
		{23F51B9E-46DE-4E3C-B3FC-E36D87A53A10}.Release|Any CPU.Build.0 = Release|Any CPU
		{A8FB4C9B-C085-4F45-8AA6-5DF3F8FC54FE}.Debug|Any CPU.ActiveCfg = Debug|Any CPU
		{A8FB4C9B-C085-4F45-8AA6-5DF3F8FC54FE}.Debug|Any CPU.Build.0 = Debug|Any CPU
		{A8FB4C9B-C085-4F45-8AA6-5DF3F8FC54FE}.MyDebug|Any CPU.ActiveCfg = MyDebug|Any CPU
		{A8FB4C9B-C085-4F45-8AA6-5DF3F8FC54FE}.Release|Any CPU.ActiveCfg = Release|Any CPU
		{A8FB4C9B-C085-4F45-8AA6-5DF3F8FC54FE}.Release|Any CPU.Build.0 = Release|Any CPU
		{E62DB75F-F7A2-4D0D-A824-737096180578}.Debug|Any CPU.ActiveCfg = Debug|Any CPU
		{E62DB75F-F7A2-4D0D-A824-737096180578}.Debug|Any CPU.Build.0 = Debug|Any CPU
		{E62DB75F-F7A2-4D0D-A824-737096180578}.MyDebug|Any CPU.ActiveCfg = MyDebug|Any CPU
		{E62DB75F-F7A2-4D0D-A824-737096180578}.Release|Any CPU.ActiveCfg = Release|Any CPU
		{E62DB75F-F7A2-4D0D-A824-737096180578}.Release|Any CPU.Build.0 = Release|Any CPU
		{66A0999F-8497-4722-9EC2-3822472AF0BE}.Debug|Any CPU.ActiveCfg = Debug|Any CPU
		{66A0999F-8497-4722-9EC2-3822472AF0BE}.Debug|Any CPU.Build.0 = Debug|Any CPU
		{66A0999F-8497-4722-9EC2-3822472AF0BE}.MyDebug|Any CPU.ActiveCfg = MyDebug|Any CPU
		{66A0999F-8497-4722-9EC2-3822472AF0BE}.Release|Any CPU.ActiveCfg = Release|Any CPU
		{66A0999F-8497-4722-9EC2-3822472AF0BE}.Release|Any CPU.Build.0 = Release|Any CPU
		{2AFC04D7-184B-49DA-B82F-693493854239}.Debug|Any CPU.ActiveCfg = Debug|Any CPU
		{2AFC04D7-184B-49DA-B82F-693493854239}.Debug|Any CPU.Build.0 = Debug|Any CPU
		{2AFC04D7-184B-49DA-B82F-693493854239}.MyDebug|Any CPU.ActiveCfg = MyDebug|Any CPU
		{2AFC04D7-184B-49DA-B82F-693493854239}.Release|Any CPU.ActiveCfg = Release|Any CPU
		{2AFC04D7-184B-49DA-B82F-693493854239}.Release|Any CPU.Build.0 = Release|Any CPU
		{C1F7E92B-CADA-438F-9116-F1813B7A4A37}.Debug|Any CPU.ActiveCfg = Debug|Any CPU
		{C1F7E92B-CADA-438F-9116-F1813B7A4A37}.Debug|Any CPU.Build.0 = Debug|Any CPU
		{C1F7E92B-CADA-438F-9116-F1813B7A4A37}.MyDebug|Any CPU.ActiveCfg = MyDebug|Any CPU
		{C1F7E92B-CADA-438F-9116-F1813B7A4A37}.Release|Any CPU.ActiveCfg = Release|Any CPU
		{C1F7E92B-CADA-438F-9116-F1813B7A4A37}.Release|Any CPU.Build.0 = Release|Any CPU
		{32F8C69A-8013-4E14-8991-F96188B07A26}.Debug|Any CPU.ActiveCfg = Debug|Any CPU
		{32F8C69A-8013-4E14-8991-F96188B07A26}.Debug|Any CPU.Build.0 = Debug|Any CPU
		{32F8C69A-8013-4E14-8991-F96188B07A26}.MyDebug|Any CPU.ActiveCfg = MyDebug|Any CPU
		{32F8C69A-8013-4E14-8991-F96188B07A26}.MyDebug|Any CPU.Build.0 = MyDebug|Any CPU
		{32F8C69A-8013-4E14-8991-F96188B07A26}.Release|Any CPU.ActiveCfg = Release|Any CPU
		{32F8C69A-8013-4E14-8991-F96188B07A26}.Release|Any CPU.Build.0 = Release|Any CPU
		{4A652B3D-8206-49D0-ADD7-8D5D1E110BF5}.Debug|Any CPU.ActiveCfg = Debug|Any CPU
		{4A652B3D-8206-49D0-ADD7-8D5D1E110BF5}.Debug|Any CPU.Build.0 = Debug|Any CPU
		{4A652B3D-8206-49D0-ADD7-8D5D1E110BF5}.MyDebug|Any CPU.ActiveCfg = MyDebug|Any CPU
		{4A652B3D-8206-49D0-ADD7-8D5D1E110BF5}.Release|Any CPU.ActiveCfg = Release|Any CPU
		{4A652B3D-8206-49D0-ADD7-8D5D1E110BF5}.Release|Any CPU.Build.0 = Release|Any CPU
		{DE3EFEBB-29B9-48D4-A7B6-FB770EF51FD9}.Debug|Any CPU.ActiveCfg = Debug|Any CPU
		{DE3EFEBB-29B9-48D4-A7B6-FB770EF51FD9}.Debug|Any CPU.Build.0 = Debug|Any CPU
		{DE3EFEBB-29B9-48D4-A7B6-FB770EF51FD9}.MyDebug|Any CPU.ActiveCfg = MyDebug|Any CPU
		{DE3EFEBB-29B9-48D4-A7B6-FB770EF51FD9}.MyDebug|Any CPU.Build.0 = MyDebug|Any CPU
		{DE3EFEBB-29B9-48D4-A7B6-FB770EF51FD9}.Release|Any CPU.ActiveCfg = Release|Any CPU
		{DE3EFEBB-29B9-48D4-A7B6-FB770EF51FD9}.Release|Any CPU.Build.0 = Release|Any CPU
		{6CD0307C-C7C1-4BD0-8725-CC9003D57920}.Debug|Any CPU.ActiveCfg = Debug|Any CPU
		{6CD0307C-C7C1-4BD0-8725-CC9003D57920}.Debug|Any CPU.Build.0 = Debug|Any CPU
		{6CD0307C-C7C1-4BD0-8725-CC9003D57920}.MyDebug|Any CPU.ActiveCfg = MyDebug|Any CPU
		{6CD0307C-C7C1-4BD0-8725-CC9003D57920}.MyDebug|Any CPU.Build.0 = MyDebug|Any CPU
		{6CD0307C-C7C1-4BD0-8725-CC9003D57920}.Release|Any CPU.ActiveCfg = Release|Any CPU
		{6CD0307C-C7C1-4BD0-8725-CC9003D57920}.Release|Any CPU.Build.0 = Release|Any CPU
		{3AF9181C-39DA-41A7-AEC1-D1F009FE544C}.Debug|Any CPU.ActiveCfg = Debug|Any CPU
		{3AF9181C-39DA-41A7-AEC1-D1F009FE544C}.Debug|Any CPU.Build.0 = Debug|Any CPU
		{3AF9181C-39DA-41A7-AEC1-D1F009FE544C}.MyDebug|Any CPU.ActiveCfg = MyDebug|Any CPU
		{3AF9181C-39DA-41A7-AEC1-D1F009FE544C}.Release|Any CPU.ActiveCfg = Release|Any CPU
		{3AF9181C-39DA-41A7-AEC1-D1F009FE544C}.Release|Any CPU.Build.0 = Release|Any CPU
		{D5B188E8-3D47-45C2-8093-307A8B21E0FA}.Debug|Any CPU.ActiveCfg = Debug|Any CPU
		{D5B188E8-3D47-45C2-8093-307A8B21E0FA}.Debug|Any CPU.Build.0 = Debug|Any CPU
		{D5B188E8-3D47-45C2-8093-307A8B21E0FA}.MyDebug|Any CPU.ActiveCfg = MyDebug|Any CPU
		{D5B188E8-3D47-45C2-8093-307A8B21E0FA}.Release|Any CPU.ActiveCfg = Release|Any CPU
		{D5B188E8-3D47-45C2-8093-307A8B21E0FA}.Release|Any CPU.Build.0 = Release|Any CPU
		{0F981A02-CD06-4686-911B-1A0EF12BDD82}.Debug|Any CPU.ActiveCfg = Debug|Any CPU
		{0F981A02-CD06-4686-911B-1A0EF12BDD82}.Debug|Any CPU.Build.0 = Debug|Any CPU
		{0F981A02-CD06-4686-911B-1A0EF12BDD82}.MyDebug|Any CPU.ActiveCfg = MyDebug|Any CPU
		{0F981A02-CD06-4686-911B-1A0EF12BDD82}.Release|Any CPU.ActiveCfg = Release|Any CPU
		{0F981A02-CD06-4686-911B-1A0EF12BDD82}.Release|Any CPU.Build.0 = Release|Any CPU
		{685C0B37-9432-4D77-B8A5-7EF0F894410C}.Debug|Any CPU.ActiveCfg = Debug|Any CPU
		{685C0B37-9432-4D77-B8A5-7EF0F894410C}.Debug|Any CPU.Build.0 = Debug|Any CPU
		{685C0B37-9432-4D77-B8A5-7EF0F894410C}.MyDebug|Any CPU.ActiveCfg = Debug|Any CPU
		{685C0B37-9432-4D77-B8A5-7EF0F894410C}.MyDebug|Any CPU.Build.0 = Debug|Any CPU
		{685C0B37-9432-4D77-B8A5-7EF0F894410C}.Release|Any CPU.ActiveCfg = Release|Any CPU
		{685C0B37-9432-4D77-B8A5-7EF0F894410C}.Release|Any CPU.Build.0 = Release|Any CPU
		{F6913116-0D5F-4F63-A1D4-D9F8DF4C7995}.Debug|Any CPU.ActiveCfg = Debug|Any CPU
		{F6913116-0D5F-4F63-A1D4-D9F8DF4C7995}.Debug|Any CPU.Build.0 = Debug|Any CPU
		{F6913116-0D5F-4F63-A1D4-D9F8DF4C7995}.MyDebug|Any CPU.ActiveCfg = Debug|Any CPU
		{F6913116-0D5F-4F63-A1D4-D9F8DF4C7995}.MyDebug|Any CPU.Build.0 = Debug|Any CPU
		{F6913116-0D5F-4F63-A1D4-D9F8DF4C7995}.Release|Any CPU.ActiveCfg = Release|Any CPU
		{F6913116-0D5F-4F63-A1D4-D9F8DF4C7995}.Release|Any CPU.Build.0 = Release|Any CPU
	EndGlobalSection
	GlobalSection(SolutionProperties) = preSolution
		HideSolutionNode = FALSE
	EndGlobalSection
	GlobalSection(NestedProjects) = preSolution
		{1978E4DC-017E-4E19-9C22-0A677BCA9271} = {647F1A8B-4E76-4C3C-B44B-444C1AE9419E}
		{CA7B0383-8448-4062-BEDC-9EDEFA148762} = {29362666-F2C4-4C1A-A5E2-6272BE8756A7}
		{FE62D070-5DDC-4D07-8029-A4CEBA057674} = {29362666-F2C4-4C1A-A5E2-6272BE8756A7}
		{BEFF9125-6995-4326-BAF1-DA225FD41DE8} = {29362666-F2C4-4C1A-A5E2-6272BE8756A7}
		{CBF838CB-92E4-432E-B1B8-6A969011FD82} = {29362666-F2C4-4C1A-A5E2-6272BE8756A7}
		{23F51B9E-46DE-4E3C-B3FC-E36D87A53A10} = {29362666-F2C4-4C1A-A5E2-6272BE8756A7}
		{A8FB4C9B-C085-4F45-8AA6-5DF3F8FC54FE} = {29362666-F2C4-4C1A-A5E2-6272BE8756A7}
		{E62DB75F-F7A2-4D0D-A824-737096180578} = {29362666-F2C4-4C1A-A5E2-6272BE8756A7}
		{66A0999F-8497-4722-9EC2-3822472AF0BE} = {29362666-F2C4-4C1A-A5E2-6272BE8756A7}
		{2AFC04D7-184B-49DA-B82F-693493854239} = {29362666-F2C4-4C1A-A5E2-6272BE8756A7}
		{D5B188E8-3D47-45C2-8093-307A8B21E0FA} = {29362666-F2C4-4C1A-A5E2-6272BE8756A7}
		{7A61A51B-CE0B-4515-A849-21D1862905AB} = {2CACC6A6-AD56-4979-BBC5-E5F0DF250EE6}
		{3AF9181C-39DA-41A7-AEC1-D1F009FE544C} = {2CACC6A6-AD56-4979-BBC5-E5F0DF250EE6}
		{32F8C69A-8013-4E14-8991-F96188B07A26} = {21F978F7-2DEE-4DC1-AD05-071CC1621DB7}
		{DE3EFEBB-29B9-48D4-A7B6-FB770EF51FD9} = {21F978F7-2DEE-4DC1-AD05-071CC1621DB7}
		{6CD0307C-C7C1-4BD0-8725-CC9003D57920} = {21F978F7-2DEE-4DC1-AD05-071CC1621DB7}
		{0F981A02-CD06-4686-911B-1A0EF12BDD82} = {21F978F7-2DEE-4DC1-AD05-071CC1621DB7}
		{9FF48F5B-588E-4E66-941B-78F1A57AAC39} = {21F978F7-2DEE-4DC1-AD05-071CC1621DB7}
		{685C0B37-9432-4D77-B8A5-7EF0F894410C} = {21F978F7-2DEE-4DC1-AD05-071CC1621DB7}
		{F6913116-0D5F-4F63-A1D4-D9F8DF4C7995} = {21F978F7-2DEE-4DC1-AD05-071CC1621DB7}
	EndGlobalSection
EndGlobal
